
Microsoft Visual Studio Solution File, Format Version 12.00
# Visual Studio 15
VisualStudioVersion = 15.0.27130.2036
MinimumVisualStudioVersion = 10.0.40219.1
Project("{FAE04EC0-301F-11D3-BF4B-00C04F79EFBC}") = "Scraper", "Scraper\Scraper.csproj", "{102CAA56-C642-4AFE-A235-3B8E614E6C32}"
EndProject
Project("{FAE04EC0-301F-11D3-BF4B-00C04F79EFBC}") = "ScraperTest", "ScraperTest\ScraperTest.csproj", "{35F3F239-981B-440F-A1A4-B44BA8B9DC43}"
EndProject
Global
	GlobalSection(SolutionConfigurationPlatforms) = preSolution
		Debug|Any CPU = Debug|Any CPU
		Debug|x64 = Debug|x64
		Release|Any CPU = Release|Any CPU
		Release|x64 = Release|x64
	EndGlobalSection
	GlobalSection(ProjectConfigurationPlatforms) = postSolution
		{102CAA56-C642-4AFE-A235-3B8E614E6C32}.Debug|Any CPU.ActiveCfg = Debug|Any CPU
		{102CAA56-C642-4AFE-A235-3B8E614E6C32}.Debug|Any CPU.Build.0 = Debug|Any CPU
		{102CAA56-C642-4AFE-A235-3B8E614E6C32}.Debug|x64.ActiveCfg = Debug|x64
		{102CAA56-C642-4AFE-A235-3B8E614E6C32}.Debug|x64.Build.0 = Debug|x64
		{102CAA56-C642-4AFE-A235-3B8E614E6C32}.Release|Any CPU.ActiveCfg = Release|Any CPU
		{102CAA56-C642-4AFE-A235-3B8E614E6C32}.Release|Any CPU.Build.0 = Release|Any CPU
		{102CAA56-C642-4AFE-A235-3B8E614E6C32}.Release|x64.ActiveCfg = Release|x64
		{102CAA56-C642-4AFE-A235-3B8E614E6C32}.Release|x64.Build.0 = Release|x64
		{35F3F239-981B-440F-A1A4-B44BA8B9DC43}.Debug|Any CPU.ActiveCfg = Debug|Any CPU
		{35F3F239-981B-440F-A1A4-B44BA8B9DC43}.Debug|Any CPU.Build.0 = Debug|Any CPU
		{35F3F239-981B-440F-A1A4-B44BA8B9DC43}.Debug|x64.ActiveCfg = Debug|Any CPU
		{35F3F239-981B-440F-A1A4-B44BA8B9DC43}.Debug|x64.Build.0 = Debug|Any CPU
		{35F3F239-981B-440F-A1A4-B44BA8B9DC43}.Release|Any CPU.ActiveCfg = Release|Any CPU
		{35F3F239-981B-440F-A1A4-B44BA8B9DC43}.Release|Any CPU.Build.0 = Release|Any CPU
		{35F3F239-981B-440F-A1A4-B44BA8B9DC43}.Release|x64.ActiveCfg = Release|Any CPU
		{35F3F239-981B-440F-A1A4-B44BA8B9DC43}.Release|x64.Build.0 = Release|Any CPU
	EndGlobalSection
	GlobalSection(SolutionProperties) = preSolution
		HideSolutionNode = FALSE
	EndGlobalSection
	GlobalSection(ExtensibilityGlobals) = postSolution
		SolutionGuid = {8D5A9F61-B9ED-4E8F-B6D2-802633081870}
	EndGlobalSection
EndGlobal
